
Microsoft Visual Studio Solution File, Format Version 12.00
# Visual Studio 15
VisualStudioVersion = 15.0.27703.2035
MinimumVisualStudioVersion = 10.0.40219.1
Project("{FAE04EC0-301F-11D3-BF4B-00C04F79EFBC}") = "BanHangOnline", "BanHangOnline\BanHangOnline.csproj", "{2580E860-A3AC-4EE9-9DD6-396093D4BFD4}"
EndProject
Global
	GlobalSection(SolutionConfigurationPlatforms) = preSolution
		Debug|Any CPU = Debug|Any CPU
		Release|Any CPU = Release|Any CPU
	EndGlobalSection
	GlobalSection(ProjectConfigurationPlatforms) = postSolution
		{2580E860-A3AC-4EE9-9DD6-396093D4BFD4}.Debug|Any CPU.ActiveCfg = Debug|Any CPU
		{2580E860-A3AC-4EE9-9DD6-396093D4BFD4}.Debug|Any CPU.Build.0 = Debug|Any CPU
		{2580E860-A3AC-4EE9-9DD6-396093D4BFD4}.Release|Any CPU.ActiveCfg = Release|Any CPU
		{2580E860-A3AC-4EE9-9DD6-396093D4BFD4}.Release|Any CPU.Build.0 = Release|Any CPU
	EndGlobalSection
	GlobalSection(SolutionProperties) = preSolution
		HideSolutionNode = FALSE
	EndGlobalSection
	GlobalSection(ExtensibilityGlobals) = postSolution
		SolutionGuid = {35AAEBE9-0899-42A6-A48B-CA2AC82A35F2}
	EndGlobalSection
EndGlobal
